
Microsoft Visual Studio Solution File, Format Version 12.00
# Visual Studio Version 16
VisualStudioVersion = 16.0.30320.27
MinimumVisualStudioVersion = 10.0.40219.1
Project("{9A19103F-16F7-4668-BE54-9A1E7A4F7556}") = "TradingEngine", "TradingEngine.csproj", "{4A3B974B-F933-4165-9A3A-4A137045F17B}"
EndProject
Global
	GlobalSection(SolutionConfigurationPlatforms) = preSolution
		Debug|Any CPU = Debug|Any CPU
		Release|Any CPU = Release|Any CPU
	EndGlobalSection
	GlobalSection(ProjectConfigurationPlatforms) = postSolution
		{4A3B974B-F933-4165-9A3A-4A137045F17B}.Debug|Any CPU.ActiveCfg = Debug|Any CPU
		{4A3B974B-F933-4165-9A3A-4A137045F17B}.Debug|Any CPU.Build.0 = Debug|Any CPU
		{4A3B974B-F933-4165-9A3A-4A137045F17B}.Release|Any CPU.ActiveCfg = Release|Any CPU
		{4A3B974B-F933-4165-9A3A-4A137045F17B}.Release|Any CPU.Build.0 = Release|Any CPU
	EndGlobalSection
	GlobalSection(SolutionProperties) = preSolution
		HideSolutionNode = FALSE
	EndGlobalSection
	GlobalSection(ExtensibilityGlobals) = postSolution
		SolutionGuid = {E8C02EFA-7549-49FF-B1E2-675B640EDF1F}
	EndGlobalSection
EndGlobal
